
Microsoft Visual Studio Solution File, Format Version 11.00
# Visual Studio 2010
Project("{FAE04EC0-301F-11D3-BF4B-00C04F79EFBC}") = "Assembly-CSharp-firstpass", "Assembly-CSharp-firstpass.csproj", "{75af7c15-472d-0249-4ea3-ed20f65c0def}"
EndProject
Project("{FAE04EC0-301F-11D3-BF4B-00C04F79EFBC}") = "HotUpdate", "HotUpdate.csproj", "{23d5f047-a238-f20c-1d65-faca7b0453b6}"
EndProject
Project("{FAE04EC0-301F-11D3-BF4B-00C04F79EFBC}") = "Assembly-CSharp-Editor", "Assembly-CSharp-Editor.csproj", "{77b79e13-1267-9a79-c714-e8b9b0d75ab7}"
EndProject
Project("{FAE04EC0-301F-11D3-BF4B-00C04F79EFBC}") = "DOTween.Modules", "DOTween.Modules.csproj", "{11933918-09fb-6a7a-d94a-1ebceebaecf2}"
EndProject
Project("{FAE04EC0-301F-11D3-BF4B-00C04F79EFBC}") = "Assembly-CSharp-Editor-firstpass", "Assembly-CSharp-Editor-firstpass.csproj", "{7987dbbe-d246-d0c0-9251-b4c216fe081d}"
EndProject
Project("{FAE04EC0-301F-11D3-BF4B-00C04F79EFBC}") = "Mono", "Mono.csproj", "{4e96c31a-c55a-9b26-1195-ce72e5bcf6ca}"
EndProject
Project("{FAE04EC0-301F-11D3-BF4B-00C04F79EFBC}") = "Assembly-CSharp", "Assembly-CSharp.csproj", "{57fc4ba9-11d6-bbd5-f350-36bdf47eec65}"
EndProject
Global
	GlobalSection(SolutionConfigurationPlatforms) = preSolution
		Debug|Any CPU = Debug|Any CPU
	EndGlobalSection
	GlobalSection(ProjectConfigurationPlatforms) = postSolution
		{75af7c15-472d-0249-4ea3-ed20f65c0def}.Debug|Any CPU.ActiveCfg = Debug|Any CPU
		{75af7c15-472d-0249-4ea3-ed20f65c0def}.Debug|Any CPU.Build.0 = Debug|Any CPU
		{23d5f047-a238-f20c-1d65-faca7b0453b6}.Debug|Any CPU.ActiveCfg = Debug|Any CPU
		{23d5f047-a238-f20c-1d65-faca7b0453b6}.Debug|Any CPU.Build.0 = Debug|Any CPU
		{77b79e13-1267-9a79-c714-e8b9b0d75ab7}.Debug|Any CPU.ActiveCfg = Debug|Any CPU
		{77b79e13-1267-9a79-c714-e8b9b0d75ab7}.Debug|Any CPU.Build.0 = Debug|Any CPU
		{11933918-09fb-6a7a-d94a-1ebceebaecf2}.Debug|Any CPU.ActiveCfg = Debug|Any CPU
		{11933918-09fb-6a7a-d94a-1ebceebaecf2}.Debug|Any CPU.Build.0 = Debug|Any CPU
		{7987dbbe-d246-d0c0-9251-b4c216fe081d}.Debug|Any CPU.ActiveCfg = Debug|Any CPU
		{7987dbbe-d246-d0c0-9251-b4c216fe081d}.Debug|Any CPU.Build.0 = Debug|Any CPU
		{4e96c31a-c55a-9b26-1195-ce72e5bcf6ca}.Debug|Any CPU.ActiveCfg = Debug|Any CPU
		{4e96c31a-c55a-9b26-1195-ce72e5bcf6ca}.Debug|Any CPU.Build.0 = Debug|Any CPU
		{57fc4ba9-11d6-bbd5-f350-36bdf47eec65}.Debug|Any CPU.ActiveCfg = Debug|Any CPU
		{57fc4ba9-11d6-bbd5-f350-36bdf47eec65}.Debug|Any CPU.Build.0 = Debug|Any CPU
	EndGlobalSection
	GlobalSection(SolutionProperties) = preSolution
		HideSolutionNode = FALSE
	EndGlobalSection
EndGlobal
